
Microsoft Visual Studio Solution File, Format Version 12.00
# Visual Studio Version 17
VisualStudioVersion = 17.9.34622.214
MinimumVisualStudioVersion = 10.0.40219.1
Project("{FAE04EC0-301F-11D3-BF4B-00C04F79EFBC}") = "Client.UI", "Client.UI\Client.UI.csproj", "{5DFF532F-3AC5-488A-899F-83227CAE01F0}"
EndProject
Project("{FAE04EC0-301F-11D3-BF4B-00C04F79EFBC}") = "Client.Test", "Client.Test\Client.Test.csproj", "{829F3BC1-C63E-4AE6-BCF4-A2842818701C}"
EndProject
Project("{FAE04EC0-301F-11D3-BF4B-00C04F79EFBC}") = "Client.Library", "Client.Library\Client.Library.csproj", "{47503CB6-E523-45A2-88A8-D801A3430893}"
EndProject
Global
	GlobalSection(SolutionConfigurationPlatforms) = preSolution
		Debug|Any CPU = Debug|Any CPU
		Release|Any CPU = Release|Any CPU
	EndGlobalSection
	GlobalSection(ProjectConfigurationPlatforms) = postSolution
		{5DFF532F-3AC5-488A-899F-83227CAE01F0}.Debug|Any CPU.ActiveCfg = Debug|Any CPU
		{5DFF532F-3AC5-488A-899F-83227CAE01F0}.Debug|Any CPU.Build.0 = Debug|Any CPU
		{5DFF532F-3AC5-488A-899F-83227CAE01F0}.Debug|Any CPU.Deploy.0 = Debug|Any CPU
		{5DFF532F-3AC5-488A-899F-83227CAE01F0}.Release|Any CPU.ActiveCfg = Release|Any CPU
		{5DFF532F-3AC5-488A-899F-83227CAE01F0}.Release|Any CPU.Build.0 = Release|Any CPU
		{5DFF532F-3AC5-488A-899F-83227CAE01F0}.Release|Any CPU.Deploy.0 = Release|Any CPU
		{829F3BC1-C63E-4AE6-BCF4-A2842818701C}.Debug|Any CPU.ActiveCfg = Debug|Any CPU
		{829F3BC1-C63E-4AE6-BCF4-A2842818701C}.Debug|Any CPU.Build.0 = Debug|Any CPU
		{829F3BC1-C63E-4AE6-BCF4-A2842818701C}.Release|Any CPU.ActiveCfg = Release|Any CPU
		{829F3BC1-C63E-4AE6-BCF4-A2842818701C}.Release|Any CPU.Build.0 = Release|Any CPU
		{47503CB6-E523-45A2-88A8-D801A3430893}.Debug|Any CPU.ActiveCfg = Debug|Any CPU
		{47503CB6-E523-45A2-88A8-D801A3430893}.Debug|Any CPU.Build.0 = Debug|Any CPU
		{47503CB6-E523-45A2-88A8-D801A3430893}.Release|Any CPU.ActiveCfg = Release|Any CPU
		{47503CB6-E523-45A2-88A8-D801A3430893}.Release|Any CPU.Build.0 = Release|Any CPU
	EndGlobalSection
	GlobalSection(SolutionProperties) = preSolution
		HideSolutionNode = FALSE
	EndGlobalSection
	GlobalSection(ExtensibilityGlobals) = postSolution
		SolutionGuid = {AB27A919-E1D5-4398-88D0-6193D713DF6C}
	EndGlobalSection
EndGlobal
