
Microsoft Visual Studio Solution File, Format Version 12.00
# Visual Studio Version 17
VisualStudioVersion = 17.5.002.0
MinimumVisualStudioVersion = 10.0.40219.1
Project("{9A19103F-16F7-4668-BE54-9A1E7A4F7556}") = "Client.UI", "Client.UI.csproj", "{770FA619-6D90-4F56-BA55-2C397F3F76CA}"
EndProject
Global
	GlobalSection(SolutionConfigurationPlatforms) = preSolution
		Debug|Any CPU = Debug|Any CPU
		Release|Any CPU = Release|Any CPU
	EndGlobalSection
	GlobalSection(ProjectConfigurationPlatforms) = postSolution
		{770FA619-6D90-4F56-BA55-2C397F3F76CA}.Debug|Any CPU.ActiveCfg = Debug|Any CPU
		{770FA619-6D90-4F56-BA55-2C397F3F76CA}.Debug|Any CPU.Build.0 = Debug|Any CPU
		{770FA619-6D90-4F56-BA55-2C397F3F76CA}.Release|Any CPU.ActiveCfg = Release|Any CPU
		{770FA619-6D90-4F56-BA55-2C397F3F76CA}.Release|Any CPU.Build.0 = Release|Any CPU
	EndGlobalSection
	GlobalSection(SolutionProperties) = preSolution
		HideSolutionNode = FALSE
	EndGlobalSection
	GlobalSection(ExtensibilityGlobals) = postSolution
		SolutionGuid = {0EEF3388-65FB-417F-9296-977A93A37BE7}
	EndGlobalSection
EndGlobal
